
Microsoft Visual Studio Solution File, Format Version 12.00
# Visual Studio Version 17
VisualStudioVersion = 17.7.34221.43
MinimumVisualStudioVersion = 10.0.40219.1
Project("{FAE04EC0-301F-11D3-BF4B-00C04F79EFBC}") = "ExaminationSystem.Domain", "ExaminationSystem.Domain.csproj", "{F7CBC83D-E6C1-440B-9997-A07244967AE9}"
EndProject
Project("{FAE04EC0-301F-11D3-BF4B-00C04F79EFBC}") = "ExaminationSystem.Infrastructure", "..\ExaminationSystem.Infrastructure\ExaminationSystem.Infrastructure.csproj", "{EABB1456-84D6-4009-A80A-1C9EC8EA3F0D}"
EndProject
Project("{FAE04EC0-301F-11D3-BF4B-00C04F79EFBC}") = "ExaminationSystem.Service", "..\ExaminationSystem.Service\ExaminationSystem.Service.csproj", "{071C8F2F-C9EB-405D-A5FB-8B1DBE8CEFD3}"
EndProject
Project("{FAE04EC0-301F-11D3-BF4B-00C04F79EFBC}") = "ExaminationSystem.Core", "..\ExaminationSystem.Core\ExaminationSystem.Core.csproj", "{48EF80C6-68C5-4D0B-912E-F1BC9490C9B4}"
EndProject
Project("{FAE04EC0-301F-11D3-BF4B-00C04F79EFBC}") = "ExaminationSystem.Presentation", "..\ExaminationSystem.Presentation\ExaminationSystem.Presentation.csproj", "{FB18534D-458D-432F-A856-4E19A843538E}"
EndProject
Global
	GlobalSection(SolutionConfigurationPlatforms) = preSolution
		Debug|Any CPU = Debug|Any CPU
		Release|Any CPU = Release|Any CPU
	EndGlobalSection
	GlobalSection(ProjectConfigurationPlatforms) = postSolution
		{F7CBC83D-E6C1-440B-9997-A07244967AE9}.Debug|Any CPU.ActiveCfg = Debug|Any CPU
		{F7CBC83D-E6C1-440B-9997-A07244967AE9}.Debug|Any CPU.Build.0 = Debug|Any CPU
		{F7CBC83D-E6C1-440B-9997-A07244967AE9}.Release|Any CPU.ActiveCfg = Release|Any CPU
		{F7CBC83D-E6C1-440B-9997-A07244967AE9}.Release|Any CPU.Build.0 = Release|Any CPU
		{EABB1456-84D6-4009-A80A-1C9EC8EA3F0D}.Debug|Any CPU.ActiveCfg = Debug|Any CPU
		{EABB1456-84D6-4009-A80A-1C9EC8EA3F0D}.Debug|Any CPU.Build.0 = Debug|Any CPU
		{EABB1456-84D6-4009-A80A-1C9EC8EA3F0D}.Release|Any CPU.ActiveCfg = Release|Any CPU
		{EABB1456-84D6-4009-A80A-1C9EC8EA3F0D}.Release|Any CPU.Build.0 = Release|Any CPU
		{071C8F2F-C9EB-405D-A5FB-8B1DBE8CEFD3}.Debug|Any CPU.ActiveCfg = Debug|Any CPU
		{071C8F2F-C9EB-405D-A5FB-8B1DBE8CEFD3}.Debug|Any CPU.Build.0 = Debug|Any CPU
		{071C8F2F-C9EB-405D-A5FB-8B1DBE8CEFD3}.Release|Any CPU.ActiveCfg = Release|Any CPU
		{071C8F2F-C9EB-405D-A5FB-8B1DBE8CEFD3}.Release|Any CPU.Build.0 = Release|Any CPU
		{48EF80C6-68C5-4D0B-912E-F1BC9490C9B4}.Debug|Any CPU.ActiveCfg = Debug|Any CPU
		{48EF80C6-68C5-4D0B-912E-F1BC9490C9B4}.Debug|Any CPU.Build.0 = Debug|Any CPU
		{48EF80C6-68C5-4D0B-912E-F1BC9490C9B4}.Release|Any CPU.ActiveCfg = Release|Any CPU
		{48EF80C6-68C5-4D0B-912E-F1BC9490C9B4}.Release|Any CPU.Build.0 = Release|Any CPU
		{FB18534D-458D-432F-A856-4E19A843538E}.Debug|Any CPU.ActiveCfg = Debug|Any CPU
		{FB18534D-458D-432F-A856-4E19A843538E}.Debug|Any CPU.Build.0 = Debug|Any CPU
		{FB18534D-458D-432F-A856-4E19A843538E}.Release|Any CPU.ActiveCfg = Release|Any CPU
		{FB18534D-458D-432F-A856-4E19A843538E}.Release|Any CPU.Build.0 = Release|Any CPU
	EndGlobalSection
	GlobalSection(SolutionProperties) = preSolution
		HideSolutionNode = FALSE
	EndGlobalSection
	GlobalSection(ExtensibilityGlobals) = postSolution
		SolutionGuid = {0C778A4E-F9EC-4FAF-B1BC-6821A1D180A1}
	EndGlobalSection
EndGlobal
